{
    "_meta": {
        "hash": {
            "sha256": "da51fdf03a253256b5a9c01702a3a3a7a4dea44d717a46e5ab9ebefab57eae66"
        },
        "pipfile-spec": 6,
        "requires": {
            "python_version": "3.7"
        },
        "sources": [
            {
                "name": "pypi",
                "url": "https://pypi.org/simple",
                "verify_ssl": true
            }
        ]
    },
    "default": {
        "altair": {
            "hashes": [
                "sha256:3edd30d4f4bb0a37278b72578e7e60bc72045a8e6704179e2f4738e35bc12931",
                "sha256:7748841a1bea8354173d1140bef6d3b58bea21d201f562528e9599ea384feb7f"
            ],
            "version": "==4.1.0"
        },
        "astor": {
            "hashes": [
                "sha256:070a54e890cefb5b3739d19f30f5a5ec840ffc9c50ffa7d23cc9fc1a38ebbfc5",
                "sha256:6a6effda93f4e1ce9f618779b2dd1d9d84f1e32812c23a29b3fff6fd7f63fa5e"
            ],
            "version": "==0.8.1"
        },
        "attrs": {
            "hashes": [
                "sha256:31b2eced602aa8423c2aea9c76a724617ed67cf9513173fd3a4f03e3a929c7e6",
                "sha256:832aa3cde19744e49938b91fea06d69ecb9e649c93ba974535d08ad92164f700"
            ],
            "version": "==20.3.0"
        },
        "base58": {
            "hashes": [
                "sha256:365c9561d9babac1b5f18ee797508cd54937a724b6e419a130abad69cec5ca79",
                "sha256:447adc750d6b642987ffc6d397ecd15a799852d5f6a1d308d384500243825058"
            ],
            "version": "==2.0.1"
        },
        "blinker": {
            "hashes": [
                "sha256:471aee25f3992bd325afa3772f1063dbdbbca947a041b8b89466dc00d606f8b6"
            ],
            "version": "==1.4"
        },
        "boto3": {
            "hashes": [
                "sha256:0d84e86ee02e32c86d30e35de9680303a480873dd2e99dcdc83486b92dffb03c",
                "sha256:95f010aeaa45248cc394b2d27949a8484fe23e723a57d4329e2df7b188efaca0"
            ],
            "version": "==1.16.41"
        },
        "botocore": {
            "hashes": [
                "sha256:54a8a59497a83ba2d89fb94f86dd07b622d7b5f1d6e9925222ebbc45eb0d63ac",
                "sha256:64ce3d43c1313b85714ca7b276e4da400a3666c9d25fc93e64befcb5e9d4c8ed"
            ],
            "version": "==1.19.41"
        },
        "certifi": {
            "hashes": [
                "sha256:1a4995114262bffbc2413b159f2a1a480c969de6e6eb13ee966d470af86af59c",
                "sha256:719a74fb9e33b9bd44cc7f3a8d94bc35e4049deebe19ba7d8e108280cfd59830"
            ],
            "version": "==2020.12.5"
        },
        "chardet": {
            "hashes": [
                "sha256:0d6f53a15db4120f2b08c94f11e7d93d2c911ee118b6b30a04ec3ee8310179fa",
                "sha256:f864054d66fd9118f2e67044ac8981a54775ec5b67aed0441892edb553d21da5"
            ],
            "version": "==4.0.0"
        },
        "chart-studio": {
            "hashes": [
                "sha256:1293776553a552bb3ff918c33d70f3b0794103b8cb0ac08aad8bde1c94ee65e3",
                "sha256:7dcd66ccdba81ca54025cfcb76e0e68ed9922f474adc45848542f186567f60da"
            ],
            "index": "pypi",
            "version": "==1.0.0"
        },
        "click": {
            "hashes": [
                "sha256:d2b5255c7c6349bc1bd1e59e08cd12acbbd63ce649f2588755783aa94dfb6b1a",
                "sha256:dacca89f4bfadd5de3d7489b7c8a566eee0d3676333fbb50030263894c38c0dc"
            ],
            "version": "==7.1.2"
        },
        "convertdate": {
            "hashes": [
                "sha256:9d2b0cd8d5382d2458d4cfa59665abba398a9e9bfd3a01c6f61b7b47768d28bf",
                "sha256:fc34133ef6ceb31738cf1169b528ba487d0164d69f4451a7cef206887c45b71d"
            ],
            "version": "==2.2.0"
        },
        "cycler": {
            "hashes": [
                "sha256:1d8a5ae1ff6c5cf9b93e8811e581232ad8920aeec647c37316ceac982b08cb2d",
                "sha256:cd7b2d1018258d7247a71425e9f26463dfb444d411c39569972f4ce586b0c9d8"
            ],
            "version": "==0.10.0"
        },
        "cython": {
            "hashes": [
                "sha256:0ac10bf476476a9f7ef61ec6e44c280ef434473124ad31d3132b720f7b0e8d2a",
                "sha256:0e25c209c75df8785480dcef85db3d36c165dbc0f4c503168e8763eb735704f2",
                "sha256:171b9f70ceafcec5852089d0f9c1e75b0d554f46c882cd4e2e4acaba9bd7d148",
                "sha256:23f3a00b843a19de8bb4468b087db5b413a903213f67188729782488d67040e0",
                "sha256:2922e3031ba9ebbe7cb9200b585cc33b71d66023d78450dcb883f824f4969371",
                "sha256:31c71a615f38401b0dc1f2a5a9a6c421ffd8908c4cd5bbedc4014c1b876488e8",
                "sha256:473df5d5e400444a36ed81c6596f56a5b52a3481312d0a48d68b777790f730ae",
                "sha256:497841897942f734b0abc2dead2d4009795ee992267a70a23485fd0e937edc0b",
                "sha256:539e59949aab4955c143a468810123bf22d3e8556421e1ce2531ed4893914ca0",
                "sha256:540b3bee0711aac2e99bda4fa0a46dbcd8c74941666bfc1ef9236b1a64eeffd9",
                "sha256:57ead89128dee9609119c93d3926c7a2add451453063147900408a50144598c6",
                "sha256:5c4276fdcbccdf1e3c1756c7aeb8395e9a36874fa4d30860e7694f43d325ae13",
                "sha256:5da187bebe38030325e1c0b5b8a804d489410be2d384c0ef3ba39493c67eb51e",
                "sha256:5e545a48f919e40079b0efe7b0e081c74b96f9ef25b9c1ff4cdbd95764426b58",
                "sha256:603b9f1b8e93e8b494d3e89320c410679e21018e48b6cbc77280f5db71f17dc0",
                "sha256:695a6bcaf9e12b1e471dfce96bbecf22a1487adc2ac6106b15960a2b51b97f5d",
                "sha256:715294cd2246b39a8edca464a8366eb635f17213e4a6b9e74e52d8b877a8cb63",
                "sha256:7ebaa8800c376bcdae596fb1372cb4232a5ef957619d35839520d2786f2debb9",
                "sha256:856c7fb31d247ce713d60116375e1f8153d0291ab5e92cca7d8833a524ba9991",
                "sha256:8c6e25e9cc4961bb2abb1777c6fa9d0fa2d9b014beb3276cebe69996ff162b78",
                "sha256:9207fdedc7e789a3dcaca628176b80c82fbed9ae0997210738cbb12536a56699",
                "sha256:93f5fed1c9445fb7afe20450cdaf94b0e0356d47cc75008105be89c6a2e417b1",
                "sha256:9ce5e5209f8406ffc2b058b1293cce7a954911bb7991e623564d489197c9ba30",
                "sha256:a0674f246ad5e1571ef29d4c5ec1d6ecabe9e6c424ad0d6fee46b914d5d24d69",
                "sha256:b2f9172e4d6358f33ecce6a4339b5960f9f83eab67ea244baa812737793826b7",
                "sha256:b8a8a31b9e8860634adbca30fea1d0c7f08e208b3d7611f3e580e5f20992e5d7",
                "sha256:b8d8497091c1dc8705d1575c71e908a93b1f127a174b2d472020f3d84263ac28",
                "sha256:c111ac9abdf715762e4fb87395e59d61c0fbb6ce79eb2e24167700b6cfa8ba79",
                "sha256:c4b78356074fcaac04ecb4de289f11d506e438859877670992ece11f9c90f37b",
                "sha256:c541b2b49c6638f2b5beb9316726db84a8d1c132bf31b942dae1f9c7f6ad3b92",
                "sha256:c8435959321cf8aec867bbad54b83b7fb8343204b530d85d9ea7a1f5329d5ac2",
                "sha256:ccb77faeaad99e99c6c444d04862c6cf604204fe0a07d4c8f9cbf2c9012d7d5a",
                "sha256:e272ed97d20b026f4f25a012b25d7d7672a60e4f72b9ca385239d693cd91b2d5",
                "sha256:e57acb89bd55943c8d8bf813763d20b9099cc7165c0f16b707631a7654be9cad",
                "sha256:e93acd1f603a0c1786e0841f066ae7cef014cf4750e3cd06fd03cfdf46361419"
            ],
            "version": "==0.29.21"
        },
        "decorator": {
            "hashes": [
                "sha256:41fa54c2a0cc4ba648be4fd43cff00aedf5b9465c9bf18d64325bc225f08f760",
                "sha256:e3a62f0520172440ca0dcc823749319382e377f37f140a0b99ef45fecb84bfe7"
            ],
            "version": "==4.4.2"
        },
        "entrypoints": {
            "hashes": [
                "sha256:589f874b313739ad35be6e0cd7efde2a4e9b6fea91edcc34e58ecbb8dbe56d19",
                "sha256:c70dd71abe5a8c85e55e12c19bd91ccfeec11a6e99044204511f9ed547d48451"
            ],
            "version": "==0.3"
        },
        "enum-compat": {
            "hashes": [
                "sha256:3677daabed56a6f724451d585662253d8fb4e5569845aafa8bb0da36b1a8751e",
                "sha256:88091b617c7fc3bbbceae50db5958023c48dc40b50520005aa3bf27f8f7ea157"
            ],
            "version": "==0.0.3"
        },
        "fbprophet": {
            "hashes": [
                "sha256:c67fde2845db52dbdb4becd312b271575ce1c804be666ed1eee94339c5a35127"
            ],
            "index": "pypi",
            "version": "==0.5"
        },
        "future": {
            "hashes": [
                "sha256:b1bead90b70cf6ec3f0710ae53a525360fa360d306a86583adc6bf83a4db537d"
            ],
            "version": "==0.18.2"
        },
        "holidays": {
            "hashes": [
                "sha256:72378e7c00139ab157adf5155c0ec7af62489b7cae8d66dfc53a9a02ddcb1cab"
            ],
            "version": "==0.10.4"
        },
        "idna": {
            "hashes": [
                "sha256:b307872f855b18632ce0c21c5e45be78c0ea7ae4c15c828c20788b26921eb3f6",
                "sha256:b97d804b1e9b523befed77c48dacec60e6dcb0b5391d57af6a65a312a90648c0"
            ],
            "version": "==2.10"
        },
        "importlib-metadata": {
            "hashes": [
                "sha256:5c5a2720817414a6c41f0a49993908068243ae02c1635a228126519b509c8aed",
                "sha256:bf792d480abbd5eda85794e4afb09dd538393f7d6e6ffef6e9f03d2014cf9450"
            ],
            "markers": "python_version < '3.8'",
            "version": "==3.3.0"
        },
        "jinja2": {
            "hashes": [
                "sha256:89aab215427ef59c34ad58735269eb58b1a5808103067f7bb9d5836c651b3bb0",
                "sha256:f0a4641d3cf955324a89c04f3d94663aa4d638abe8f733ecd3582848e1c37035"
            ],
            "version": "==2.11.2"
        },
        "jmespath": {
            "hashes": [
                "sha256:b85d0567b8666149a93172712e68920734333c0ce7e89b78b3e987f71e5ed4f9",
                "sha256:cdf6525904cc597730141d61b36f2e4b8ecc257c420fa2f4549bac2c2d0cb72f"
            ],
            "version": "==0.10.0"
        },
        "jsonschema": {
            "hashes": [
                "sha256:4e5b3cf8216f577bee9ce139cbe72eca3ea4f292ec60928ff24758ce626cd163",
                "sha256:c8a85b28d377cc7737e46e2d9f2b4f44ee3c0e1deac6bf46ddefc7187d30797a"
            ],
            "version": "==3.2.0"
        },
        "kiwisolver": {
            "hashes": [
                "sha256:0cd53f403202159b44528498de18f9285b04482bab2a6fc3f5dd8dbb9352e30d",
                "sha256:1e1bc12fb773a7b2ffdeb8380609f4f8064777877b2225dec3da711b421fda31",
                "sha256:225e2e18f271e0ed8157d7f4518ffbf99b9450fca398d561eb5c4a87d0986dd9",
                "sha256:232c9e11fd7ac3a470d65cd67e4359eee155ec57e822e5220322d7b2ac84fbf0",
                "sha256:31dfd2ac56edc0ff9ac295193eeaea1c0c923c0355bf948fbd99ed6018010b72",
                "sha256:33449715e0101e4d34f64990352bce4095c8bf13bed1b390773fc0a7295967b3",
                "sha256:401a2e9afa8588589775fe34fc22d918ae839aaaf0c0e96441c0fdbce6d8ebe6",
                "sha256:44a62e24d9b01ba94ae7a4a6c3fb215dc4af1dde817e7498d901e229aaf50e4e",
                "sha256:50af681a36b2a1dee1d3c169ade9fdc59207d3c31e522519181e12f1b3ba7000",
                "sha256:563c649cfdef27d081c84e72a03b48ea9408c16657500c312575ae9d9f7bc1c3",
                "sha256:5989db3b3b34b76c09253deeaf7fbc2707616f130e166996606c284395da3f18",
                "sha256:5a7a7dbff17e66fac9142ae2ecafb719393aaee6a3768c9de2fd425c63b53e21",
                "sha256:5c3e6455341008a054cccee8c5d24481bcfe1acdbc9add30aa95798e95c65621",
                "sha256:5f6ccd3dd0b9739edcf407514016108e2280769c73a85b9e59aa390046dbf08b",
                "sha256:72c99e39d005b793fb7d3d4e660aed6b6281b502e8c1eaf8ee8346023c8e03bc",
                "sha256:78751b33595f7f9511952e7e60ce858c6d64db2e062afb325985ddbd34b5c131",
                "sha256:834ee27348c4aefc20b479335fd422a2c69db55f7d9ab61721ac8cd83eb78882",
                "sha256:8be8d84b7d4f2ba4ffff3665bcd0211318aa632395a1a41553250484a871d454",
                "sha256:950a199911a8d94683a6b10321f9345d5a3a8433ec58b217ace979e18f16e248",
                "sha256:a357fd4f15ee49b4a98b44ec23a34a95f1e00292a139d6015c11f55774ef10de",
                "sha256:a53d27d0c2a0ebd07e395e56a1fbdf75ffedc4a05943daf472af163413ce9598",
                "sha256:acef3d59d47dd85ecf909c359d0fd2c81ed33bdff70216d3956b463e12c38a54",
                "sha256:b38694dcdac990a743aa654037ff1188c7a9801ac3ccc548d3341014bc5ca278",
                "sha256:b9edd0110a77fc321ab090aaa1cfcaba1d8499850a12848b81be2222eab648f6",
                "sha256:c08e95114951dc2090c4a630c2385bef681cacf12636fb0241accdc6b303fd81",
                "sha256:c5518d51a0735b1e6cee1fdce66359f8d2b59c3ca85dc2b0813a8aa86818a030",
                "sha256:c8fd0f1ae9d92b42854b2979024d7597685ce4ada367172ed7c09edf2cef9cb8",
                "sha256:ca3820eb7f7faf7f0aa88de0e54681bddcb46e485beb844fcecbcd1c8bd01689",
                "sha256:cf8b574c7b9aa060c62116d4181f3a1a4e821b2ec5cbfe3775809474113748d4",
                "sha256:d3155d828dec1d43283bd24d3d3e0d9c7c350cdfcc0bd06c0ad1209c1bbc36d0",
                "sha256:f8d6f8db88049a699817fd9178782867bf22283e3813064302ac59f61d95be05",
                "sha256:fd34fbbfbc40628200730bc1febe30631347103fc8d3d4fa012c21ab9c11eca9"
            ],
            "version": "==1.3.1"
        },
        "korean-lunar-calendar": {
            "hashes": [
                "sha256:12ce54b1392ed45a82dc6cea85ee5f7e33630556e82488f57e37a22482c8275d",
                "sha256:a619ea88610129019267467b85cc9faf0fab6e1694b2e782d1aeb610cdd382d5"
            ],
            "version": "==0.2.1"
        },
        "lunardate": {
            "hashes": [
                "sha256:5619d625809ebcaa673c4e321cd1ea82e649e9bb47e42e6479fe15bbc2b5bffe",
                "sha256:6c9c96d9f01522a10ab35df1a9b48707ae64a086f13fd34498b43f465918cc6f",
                "sha256:838e84b95d185a12f8bd0c5bdd74864be52d55436bed56927fdc91f4d21ad6b6"
            ],
            "version": "==0.2.0"
        },
        "markupsafe": {
            "hashes": [
                "sha256:00bc623926325b26bb9605ae9eae8a215691f33cae5df11ca5424f06f2d1f473",
                "sha256:09027a7803a62ca78792ad89403b1b7a73a01c8cb65909cd876f7fcebd79b161",
                "sha256:09c4b7f37d6c648cb13f9230d847adf22f8171b1ccc4d5682398e77f40309235",
                "sha256:1027c282dad077d0bae18be6794e6b6b8c91d58ed8a8d89a89d59693b9131db5",
                "sha256:13d3144e1e340870b25e7b10b98d779608c02016d5184cfb9927a9f10c689f42",
                "sha256:24982cc2533820871eba85ba648cd53d8623687ff11cbb805be4ff7b4c971aff",
                "sha256:29872e92839765e546828bb7754a68c418d927cd064fd4708fab9fe9c8bb116b",
                "sha256:43a55c2930bbc139570ac2452adf3d70cdbb3cfe5912c71cdce1c2c6bbd9c5d1",
                "sha256:46c99d2de99945ec5cb54f23c8cd5689f6d7177305ebff350a58ce5f8de1669e",
                "sha256:500d4957e52ddc3351cabf489e79c91c17f6e0899158447047588650b5e69183",
                "sha256:535f6fc4d397c1563d08b88e485c3496cf5784e927af890fb3c3aac7f933ec66",
                "sha256:596510de112c685489095da617b5bcbbac7dd6384aeebeda4df6025d0256a81b",
                "sha256:62fe6c95e3ec8a7fad637b7f3d372c15ec1caa01ab47926cfdf7a75b40e0eac1",
                "sha256:6788b695d50a51edb699cb55e35487e430fa21f1ed838122d722e0ff0ac5ba15",
                "sha256:6dd73240d2af64df90aa7c4e7481e23825ea70af4b4922f8ede5b9e35f78a3b1",
                "sha256:717ba8fe3ae9cc0006d7c451f0bb265ee07739daf76355d06366154ee68d221e",
                "sha256:79855e1c5b8da654cf486b830bd42c06e8780cea587384cf6545b7d9ac013a0b",
                "sha256:7c1699dfe0cf8ff607dbdcc1e9b9af1755371f92a68f706051cc8c37d447c905",
                "sha256:88e5fcfb52ee7b911e8bb6d6aa2fd21fbecc674eadd44118a9cc3863f938e735",
                "sha256:8defac2f2ccd6805ebf65f5eeb132adcf2ab57aa11fdf4c0dd5169a004710e7d",
                "sha256:98c7086708b163d425c67c7a91bad6e466bb99d797aa64f965e9d25c12111a5e",
                "sha256:9add70b36c5666a2ed02b43b335fe19002ee5235efd4b8a89bfcf9005bebac0d",
                "sha256:9bf40443012702a1d2070043cb6291650a0841ece432556f784f004937f0f32c",
                "sha256:ade5e387d2ad0d7ebf59146cc00c8044acbd863725f887353a10df825fc8ae21",
                "sha256:b00c1de48212e4cc9603895652c5c410df699856a2853135b3967591e4beebc2",
                "sha256:b1282f8c00509d99fef04d8ba936b156d419be841854fe901d8ae224c59f0be5",
                "sha256:b2051432115498d3562c084a49bba65d97cf251f5a331c64a12ee7e04dacc51b",
                "sha256:ba59edeaa2fc6114428f1637ffff42da1e311e29382d81b339c1817d37ec93c6",
                "sha256:c8716a48d94b06bb3b2524c2b77e055fb313aeb4ea620c8dd03a105574ba704f",
                "sha256:cd5df75523866410809ca100dc9681e301e3c27567cf498077e8551b6d20e42f",
                "sha256:cdb132fc825c38e1aeec2c8aa9338310d29d337bebbd7baa06889d09a60a1fa2",
                "sha256:e249096428b3ae81b08327a63a485ad0878de3fb939049038579ac0ef61e17e7",
                "sha256:e8313f01ba26fbbe36c7be1966a7b7424942f670f38e666995b88d012765b9be"
            ],
            "version": "==1.1.1"
        },
        "matplotlib": {
            "hashes": [
                "sha256:09225edca87a79815822eb7d3be63a83ebd4d9d98d5aa3a15a94f4eee2435954",
                "sha256:0caa687fce6174fef9b27d45f8cc57cbc572e04e98c81db8e628b12b563d59a2",
                "sha256:27c9393fada62bd0ad7c730562a0fecbd3d5aaa8d9ed80ba7d3ebb8abc4f0453",
                "sha256:2c2c5041608cb75c39cbd0ed05256f8a563e144234a524c59d091abbfa7a868f",
                "sha256:2d31aff0c8184b05006ad756b9a4dc2a0805e94d28f3abc3187e881b6673b302",
                "sha256:3a4c3e9be63adf8e9b305aa58fb3ec40ecc61fd0f8fd3328ce55bc30e7a2aeb0",
                "sha256:5111d6d47a0f5b8f3e10af7a79d5e7eb7e73a22825391834734274c4f312a8a0",
                "sha256:5ed3d3342698c2b1f3651f8ea6c099b0f196d16ee00e33dc3a6fee8cb01d530a",
                "sha256:6ffd2d80d76df2e5f9f0c0140b5af97e3b87dd29852dcdb103ec177d853ec06b",
                "sha256:746897fbd72bd462b888c74ed35d812ca76006b04f717cd44698cdfc99aca70d",
                "sha256:756ee498b9ba35460e4cbbd73f09018e906daa8537fff61da5b5bf8d5e9de5c7",
                "sha256:7ad44f2c74c50567c694ee91c6fa16d67e7c8af6f22c656b80469ad927688457",
                "sha256:83e6c895d93fdf93eeff1a21ee96778ba65ef258e5d284160f7c628fee40c38f",
                "sha256:9b03722c89a43a61d4d148acfc89ec5bb54cd0fd1539df25b10eb9c5fa6c393a",
                "sha256:a4fe54eab2c7129add75154823e6543b10261f9b65b2abe692d68743a4999f8c",
                "sha256:b1b60c6476c4cfe9e5cf8ab0d3127476fd3d5f05de0f343a452badaad0e4bdec",
                "sha256:b26c472847911f5a7eb49e1c888c31c77c4ddf8023c1545e0e8e0367ba74fb15",
                "sha256:b2a5e1f637a92bb6f3526cc54cc8af0401112e81ce5cba6368a1b7908f9e18bc",
                "sha256:b7b09c61a91b742cb5460b72efd1fe26ef83c1c704f666e0af0df156b046aada",
                "sha256:b8ba2a1dbb4660cb469fe8e1febb5119506059e675180c51396e1723ff9b79d9",
                "sha256:c092fc4673260b1446b8578015321081d5db73b94533fe4bf9b69f44e948d174",
                "sha256:c586ac1d64432f92857c3cf4478cfb0ece1ae18b740593f8a39f2f0b27c7fda5",
                "sha256:d082f77b4ed876ae94a9373f0db96bf8768a7cca6c58fc3038f94e30ffde1880",
                "sha256:e71cdd402047e657c1662073e9361106c6981e9621ab8c249388dfc3ec1de07b",
                "sha256:eb6b6700ea454bb88333d98601e74928e06f9669c1ea231b4c4c666c1d7701b4"
            ],
            "version": "==3.3.3"
        },
        "numpy": {
            "hashes": [
                "sha256:1786a08236f2c92ae0e70423c45e1e62788ed33028f94ca99c4df03f5be6b3c6",
                "sha256:17aa7a81fe7599a10f2b7d95856dc5cf84a4eefa45bc96123cbbc3ebc568994e",
                "sha256:20b26aaa5b3da029942cdcce719b363dbe58696ad182aff0e5dcb1687ec946dc",
                "sha256:2d75908ab3ced4223ccba595b48e538afa5ecc37405923d1fea6906d7c3a50bc",
                "sha256:39d2c685af15d3ce682c99ce5925cc66efc824652e10990d2462dfe9b8918c6a",
                "sha256:56bc8ded6fcd9adea90f65377438f9fea8c05fcf7c5ba766bef258d0da1554aa",
                "sha256:590355aeade1a2eaba17617c19edccb7db8d78760175256e3cf94590a1a964f3",
                "sha256:70a840a26f4e61defa7bdf811d7498a284ced303dfbc35acb7be12a39b2aa121",
                "sha256:77c3bfe65d8560487052ad55c6998a04b654c2fbc36d546aef2b2e511e760971",
                "sha256:9537eecf179f566fd1c160a2e912ca0b8e02d773af0a7a1120ad4f7507cd0d26",
                "sha256:9acdf933c1fd263c513a2df3dceecea6f3ff4419d80bf238510976bf9bcb26cd",
                "sha256:ae0975f42ab1f28364dcda3dde3cf6c1ddab3e1d4b2909da0cb0191fa9ca0480",
                "sha256:b3af02ecc999c8003e538e60c89a2b37646b39b688d4e44d7373e11c2debabec",
                "sha256:b6ff59cee96b454516e47e7721098e6ceebef435e3e21ac2d6c3b8b02628eb77",
                "sha256:b765ed3930b92812aa698a455847141869ef755a87e099fddd4ccf9d81fffb57",
                "sha256:c98c5ffd7d41611407a1103ae11c8b634ad6a43606eca3e2a5a269e5d6e8eb07",
                "sha256:cf7eb6b1025d3e169989416b1adcd676624c2dbed9e3bcb7137f51bfc8cc2572",
                "sha256:d92350c22b150c1cae7ebb0ee8b5670cc84848f6359cf6b5d8f86617098a9b73",
                "sha256:e422c3152921cece8b6a2fb6b0b4d73b6579bd20ae075e7d15143e711f3ca2ca",
                "sha256:e840f552a509e3380b0f0ec977e8124d0dc34dc0e68289ca28f4d7c1d0d79474",
                "sha256:f3d0a94ad151870978fb93538e95411c83899c9dc63e6fb65542f769568ecfa5"
            ],
            "index": "pypi",
            "version": "==1.18.1"
        },
        "pandas": {
            "hashes": [
                "sha256:00dff3a8e337f5ed7ad295d98a31821d3d0fe7792da82d78d7fd79b89c03ea9d",
                "sha256:22361b1597c8c2ffd697aa9bf85423afa9e1fcfa6b1ea821054a244d5f24d75e",
                "sha256:255920e63850dc512ce356233081098554d641ba99c3767dde9e9f35630f994b",
                "sha256:26382aab9c119735908d94d2c5c08020a4a0a82969b7e5eefb92f902b3b30ad7",
                "sha256:33970f4cacdd9a0ddb8f21e151bfb9f178afb7c36eb7c25b9094c02876f385c2",
                "sha256:4545467a637e0e1393f7d05d61dace89689ad6d6f66f267f86fff737b702cce9",
                "sha256:52da74df8a9c9a103af0a72c9d5fdc8e0183a90884278db7f386b5692a2220a4",
                "sha256:61741f5aeb252f39c3031d11405305b6d10ce663c53bc3112705d7ad66c013d0",
                "sha256:6a3ac2c87e4e32a969921d1428525f09462770c349147aa8e9ab95f88c71ec71",
                "sha256:7458c48e3d15b8aaa7d575be60e1e4dd70348efcd9376656b72fecd55c59a4c3",
                "sha256:78bf638993219311377ce9836b3dc05f627a666d0dbc8cec37c0ff3c9ada673b",
                "sha256:8153705d6545fd9eb6dd2bc79301bff08825d2e2f716d5dced48daafc2d0b81f",
                "sha256:975c461accd14e89d71772e89108a050fa824c0b87a67d34cedf245f6681fc17",
                "sha256:9962957a27bfb70ab64103d0a7b42fa59c642fb4ed4cb75d0227b7bb9228535d",
                "sha256:adc3d3a3f9e59a38d923e90e20c4922fc62d1e5a03d083440468c6d8f3f1ae0a",
                "sha256:bbe3eb765a0b1e578833d243e2814b60c825b7fdbf4cdfe8e8aae8a08ed56ecf",
                "sha256:df8864824b1fe488cf778c3650ee59c3a0d8f42e53707de167ba6b4f7d35f133",
                "sha256:e45055c30a608076e31a9fcd780a956ed3b1fa20db61561b8d88b79259f526f7",
                "sha256:ee50c2142cdcf41995655d499a157d0a812fce55c97d9aad13bc1eef837ed36c"
            ],
            "index": "pypi",
            "version": "==0.25.3"
        },
        "pillow": {
            "hashes": [
                "sha256:0011ec16bcab9f2f07afa95081ee025b3f0fe428611a000df0fbcb51dd873ca0",
                "sha256:0e5aedc62a78525fcfbec417d8db0073dff5de9d8544047f619d208e2cd3d323",
                "sha256:196d9ff5d0b070b50cd3a3c59ffa3b41232ca34dbd09e262bfa32047229d4b16",
                "sha256:1e1ed97d93676ba6e19124f8054ed439825292cecb490370729f90a27585f180",
                "sha256:2f44dc402c643a88b9453c6fce84e20b16352df42a98ab013aaebe07e1a1c478",
                "sha256:32facad1f01111505c0fa3f15b2acac13af231f6dc0e68927c8d2d23df8c25c5",
                "sha256:3d4e8b208346374e820bc5f88e753a4a2d35b6ead0aa1f45dcc7b9206780b983",
                "sha256:65422a17c9d08bf56d8eb0ce5c83863e050cec5f15e8b2042c955aa724ce515d",
                "sha256:75513b87a441c093a26a75974cd8373d8d40476cdb178309e8c2f2a534033ea3",
                "sha256:7ccf6e86bd9f7301b883c6ba180309ca6bd566b0324eb66566b0b841c974558e",
                "sha256:7dacf81a6b6b724a263c27a364030f81eef97398acda67d1ac50e722ad3cec59",
                "sha256:81655ad8b10acf81a644ad88faa9cd19ab2930f1b83ff6d32217f00de602b6e5",
                "sha256:83ab411759b9e1f6a695bea321e835bed448f767711da2630d597dabc69d0350",
                "sha256:87562ac8e35b873eabed6b02259dcec05d7c776fa6c478865fcb147f17ec7530",
                "sha256:c85cce00769e162cf50fc21451be9e627f60a9be22172d684c05dc7d0141c55b",
                "sha256:d071c33320c6f66730d1adea0bfd468ab5453627ff8974a6e56f43a48c60bce5",
                "sha256:dd4c3cfa93626ed08005abf3aa52b50dae28bf0bc4cb5a4626e9ce6878e7f700",
                "sha256:e0fbed3f29291c0e4b83c7f21809a709f5a46eefdad236ec2a11096ebb76c6ae",
                "sha256:ecabe2323e4ed3ce24eaea2120aca395723dd301e9fb03d7e0912a61343fc7f3",
                "sha256:f8e26f68b5f7b15ad9d1cc2c28ea57fe8c2f9dfee77f4e0519e833fdbe2feb8d",
                "sha256:fb13e40bd17615a03192f03cab35df0fbfb61ab58ef08ece42884a6bd314faf4",
                "sha256:fb1f9faa2984918cd7a3b18db1192463e0030500cb060c974b5fd98c13276a8e"
            ],
            "index": "pypi",
            "version": "==7.1.0"
        },
        "plotly": {
            "hashes": [
                "sha256:f0462e494d324a1649dee0208ab04fc7a158740488373d31a499f6d691167a04",
                "sha256:f2a38726ddc7ce185a277c78a41b50bb8cfcfa4f53b45a481417401cadc0454c"
            ],
            "version": "==4.14.1"
        },
        "protobuf": {
            "hashes": [
                "sha256:0e247612fadda953047f53301a7b0407cb0c3cb4ae25a6fde661597a04039b3c",
                "sha256:0fc96785262042e4863b3f3b5c429d4636f10d90061e1840fce1baaf59b1a836",
                "sha256:1c51fda1bbc9634246e7be6016d860be01747354ed7015ebe38acf4452f470d2",
                "sha256:1d63eb389347293d8915fb47bee0951c7b5dab522a4a60118b9a18f33e21f8ce",
                "sha256:22bcd2e284b3b1d969c12e84dc9b9a71701ec82d8ce975fdda19712e1cfd4e00",
                "sha256:2a7e2fe101a7ace75e9327b9c946d247749e564a267b0515cf41dfe450b69bac",
                "sha256:43b554b9e73a07ba84ed6cf25db0ff88b1e06be610b37656e292e3cbb5437472",
                "sha256:4b74301b30513b1a7494d3055d95c714b560fbb630d8fb9956b6f27992c9f980",
                "sha256:4e75105c9dfe13719b7293f75bd53033108f4ba03d44e71db0ec2a0e8401eafd",
                "sha256:5b7a637212cc9b2bcf85dd828b1178d19efdf74dbfe1ddf8cd1b8e01fdaaa7f5",
                "sha256:5e9806a43232a1fa0c9cf5da8dc06f6910d53e4390be1fa06f06454d888a9142",
                "sha256:629b03fd3caae7f815b0c66b41273f6b1900a579e2ccb41ef4493a4f5fb84f3a",
                "sha256:72230ed56f026dd664c21d73c5db73ebba50d924d7ba6b7c0d81a121e390406e",
                "sha256:86a75477addde4918e9a1904e5c6af8d7b691f2a3f65587d73b16100fbe4c3b2",
                "sha256:8971c421dbd7aad930c9bd2694122f332350b6ccb5202a8b7b06f3f1a5c41ed5",
                "sha256:9616f0b65a30851e62f1713336c931fcd32c057202b7ff2cfbfca0fc7d5e3043",
                "sha256:b0d5d35faeb07e22a1ddf8dce620860c8fe145426c02d1a0ae2688c6e8ede36d",
                "sha256:ecc33531a213eee22ad60e0e2aaea6c8ba0021f0cce35dbf0ab03dee6e2a23a1"
            ],
            "version": "==3.14.0"
        },
        "pymeeus": {
            "hashes": [
                "sha256:56430209e6f9a039f1ba73f107ab0b23121548e2a67ed2855f2416c3749a5662"
            ],
            "version": "==0.3.7"
        },
        "pyparsing": {
            "hashes": [
                "sha256:c203ec8783bf771a155b207279b9bccb8dea02d8f0c9e5f8ead507bc3246ecc1",
                "sha256:ef9d7589ef3c200abe66653d3f1ab1033c3c419ae9b9bdb1240a85b024efc88b"
            ],
            "version": "==2.4.7"
        },
        "pyrsistent": {
            "hashes": [
                "sha256:2e636185d9eb976a18a8a8e96efce62f2905fea90041958d8cc2a189756ebf3e"
            ],
            "version": "==0.17.3"
        },
        "pystan": {
            "hashes": [
                "sha256:1127522641533a6ccb7684d4008d06c092cbe6f3ee7d44679a87937ee39093ab",
                "sha256:2b44502aaa8866e0bcc81df1537e7e08b74aaf4cc9d4bf43e7c8b168f3568ca6",
                "sha256:2baa4106ddc7fb90712bd0e5ab8693ce130b001c6166839247511326edc6d0ba",
                "sha256:3622520b2e55d2ce70a3027d9910b6197a8bc2ef59e01967be9c4e607a48a9c1",
                "sha256:43fdd98561f0cba0637f1fa343ed7d5adc885d04a655ab6302dbfd08f016105d",
                "sha256:4a0820df5fcd13c7a4cae75d59809adee72d1135a604dc2b5f068d4ac8ca349e",
                "sha256:5020ac3ca3a840f428f090fc5fe75412e2a7948ac7e3de59f4bbfd7a4539c0ef",
                "sha256:5b67008f5780c7cf0f3fbad5bc54bc9919efc9655d63e0314dc013e85c7a0f14",
                "sha256:61340356889547e29e2e6db7ef28f821b91e73fee80a888e81a794a24a249987",
                "sha256:6c4bbbb0a59144135d9821f2b9c308bfdf70aa61befdc7dc435f4c86bfb4457e",
                "sha256:837a62976b32e4fd2bd48fee3b419c651e19747280e440d5934bea3822b22115",
                "sha256:9d8c2ae05d1dca854a55b2ae9276af5866e473fb8264d03d5267abadb3c602da",
                "sha256:b2ef9031dfbd65757828e2441cb9a76c9217fb5bb93817fee2550722e7a785b3",
                "sha256:bc1193f52bc6c6419dd753bcb0b6958b24fe588dc3da3c7f70bd23dcbda6ec2a",
                "sha256:c87bd98db2b5c67fa08177de04c98b46d1fcd68ae53dbe55ffc5187868068002",
                "sha256:e6580cec2f5ed1bdb44eab83d54fe87b11e673ed65d6c2064d8d9f76265ce049",
                "sha256:e8e0924c318a0ea67260167a74f040078a4ce0d3fd4a7d566aa76f7752a85fab",
                "sha256:e9fbbf10dfc0ef8e7343ee4a3e17fd5c214fb12fc42615673e14908949b410e4",
                "sha256:f16c399da3d9d72e9661b131c23d51a59c789416598885714813fcb552234c83",
                "sha256:fa8bad8dbc0da22bbe6f36af56c9abbfcf10f92df8ce627d59a36bd8d25eb038"
            ],
            "version": "==2.19.1.1"
        },
        "python-dateutil": {
            "hashes": [
                "sha256:7e6584c74aeed623791615e26efd690f29817a27c73085b78e4bad02493df2fb",
                "sha256:c89805f6f4d64db21ed966fda138f8a5ed7a4fdbc1a8ee329ce1b74e3c74da9e"
            ],
            "version": "==2.8.0"
        },
        "pytz": {
            "hashes": [
                "sha256:1c557d7d0e871de1f5ccd5833f60fb2550652da6be2693c1e02300743d21500d",
                "sha256:b02c06db6cf09c12dd25137e563b31700d3b80fcc4ad23abb7a315f2789819be"
            ],
            "version": "==2019.3"
        },
        "requests": {
            "hashes": [
                "sha256:27973dd4a904a4f13b263a19c866c13b92a39ed1c964655f025f3f8d3d75b804",
                "sha256:c210084e36a42ae6b9219e00e48287def368a26d03a048ddad7bfee44f75871e"
            ],
            "version": "==2.25.1"
        },
        "retrying": {
            "hashes": [
                "sha256:08c039560a6da2fe4f2c426d0766e284d3b736e355f8dd24b37367b0bb41973b"
            ],
            "version": "==1.3.3"
        },
        "s3transfer": {
            "hashes": [
                "sha256:2482b4259524933a022d59da830f51bd746db62f047d6eb213f2f8855dcb8a13",
                "sha256:921a37e2aefc64145e7b73d50c71bb4f26f46e4c9f414dc648c6245ff92cf7db"
            ],
            "version": "==0.3.3"
        },
        "setuptools-git": {
            "hashes": [
                "sha256:e7764dccce7d97b4b5a330d7b966aac6f9ac026385743fd6cedad553f2494cfa",
                "sha256:ff64136da01aabba76ae88b050e7197918d8b2139ccbf6144e14d472b9c40445"
            ],
            "version": "==1.2"
        },
        "six": {
            "hashes": [
                "sha256:30639c035cdb23534cd4aa2dd52c3bf48f06e5f4a941509c8bafd8ce11080259",
                "sha256:8b74bedcbbbaca38ff6d7491d76f2b06b3592611af620f8426e82dddb04a5ced"
            ],
            "version": "==1.15.0"
        },
        "streamlit": {
            "hashes": [
                "sha256:df676e4e9d44093d221ffd72cae8302c391c4345a106a861c17dd4b9c29e4252"
            ],
            "index": "pypi",
            "version": "==0.52.2"
        },
        "toml": {
            "hashes": [
                "sha256:806143ae5bfb6a3c6e736a764057db0e6a0e05e338b5630894a5f779cabb4f9b",
                "sha256:b3bda1d108d5dd99f4a20d24d9c348e91c4db7ab1b749200bded2f839ccbe68f"
            ],
            "version": "==0.10.2"
        },
        "toolz": {
            "hashes": [
                "sha256:1bc473acbf1a1db4e72a1ce587be347450e8f08324908b8a266b486f408f04d5",
                "sha256:c7a47921f07822fe534fb1c01c9931ab335a4390c782bd28c6bcc7c2f71f3fbf"
            ],
            "version": "==0.11.1"
        },
        "tornado": {
            "hashes": [
                "sha256:0662d28b1ca9f67108c7e3b77afabfb9c7e87bde174fbda78186ecedc2499a9d",
                "sha256:4e5158d97583502a7e2739951553cbd88a72076f152b4b11b64b9a10c4c49409",
                "sha256:732e836008c708de2e89a31cb2fa6c0e5a70cb60492bee6f1ea1047500feaf7f",
                "sha256:8154ec22c450df4e06b35f131adc4f2f3a12ec85981a203301d310abf580500f",
                "sha256:8e9d728c4579682e837c92fdd98036bd5cdefa1da2aaf6acf26947e6dd0c01c5",
                "sha256:d4b3e5329f572f055b587efc57d29bd051589fb5a43ec8898c77a47ec2fa2bbb",
                "sha256:e5f2585afccbff22390cddac29849df463b252b711aa2ce7c5f3f342a5b3b444"
            ],
            "version": "==5.1.1"
        },
        "typing-extensions": {
            "hashes": [
                "sha256:7cb407020f00f7bfc3cb3e7881628838e69d8f3fcab2f64742a5e76b2f841918",
                "sha256:99d4073b617d30288f569d3f13d2bd7548c3a7e4c8de87db09a9d29bb3a4a60c",
                "sha256:dafc7639cde7f1b6e1acc0f457842a83e722ccca8eef5270af2d74792619a89f"
            ],
            "markers": "python_version < '3.8'",
            "version": "==3.7.4.3"
        },
        "tzlocal": {
            "hashes": [
                "sha256:643c97c5294aedc737780a49d9df30889321cbe1204eac2c2ec6134035a92e44",
                "sha256:e2cb6c6b5b604af38597403e9852872d7f534962ae2954c7f35efcb1ccacf4a4"
            ],
            "version": "==2.1"
        },
        "urllib3": {
            "hashes": [
                "sha256:19188f96923873c92ccb987120ec4acaa12f0461fa9ce5d3d0772bc965a39e08",
                "sha256:d8ff90d979214d7b4f8ce956e80f4028fc6860e4431f731ea4a8c08f23f99473"
            ],
            "markers": "python_version != '3.4'",
            "version": "==1.26.2"
        },
        "validators": {
            "hashes": [
                "sha256:0143dcca8a386498edaf5780cbd5960da1a4c85e0719f3ee5c9b41249c4fefbd",
                "sha256:37cd9a9213278538ad09b5b9f9134266e7c226ab1fede1d500e29e0a8fbb9ea6"
            ],
            "version": "==0.18.2"
        },
        "watchdog": {
            "hashes": [
                "sha256:016b01495b9c55b5d4126ed8ae75d93ea0d99377084107c33162df52887cee18",
                "sha256:101532b8db506559e52a9b5d75a308729b3f68264d930670e6155c976d0e52a0",
                "sha256:27d9b4666938d5d40afdcdf2c751781e9ce36320788b70208d0f87f7401caf93",
                "sha256:2f1ade0d0802503fda4340374d333408831cff23da66d7e711e279ba50fe6c4a",
                "sha256:376cbc2a35c0392b0fe7ff16fbc1b303fd99d4dd9911ab5581ee9d69adc88982",
                "sha256:57f05e55aa603c3b053eed7e679f0a83873c540255b88d58c6223c7493833bac",
                "sha256:5f1f3b65142175366ba94c64d8d4c8f4015825e0beaacee1c301823266b47b9b",
                "sha256:602dbd9498592eacc42e0632c19781c3df1728ef9cbab555fab6778effc29eeb",
                "sha256:68744de2003a5ea2dfbb104f9a74192cf381334a9e2c0ed2bbe1581828d50b61",
                "sha256:85e6574395aa6c1e14e0f030d9d7f35c2340a6cf95d5671354ce876ac3ffdd4d",
                "sha256:b1d723852ce90a14abf0ec0ca9e80689d9509ee4c9ee27163118d87b564a12ac",
                "sha256:d948ad9ab9aba705f9836625b32e965b9ae607284811cd98334423f659ea537a",
                "sha256:e2a531e71be7b5cc3499ae2d1494d51b6a26684bcc7c3146f63c810c00e8a3cc",
                "sha256:e7c73edef48f4ceeebb987317a67e0080e5c9228601ff67b3c4062fa020403c7",
                "sha256:ee21aeebe6b3e51e4ba64564c94cee8dbe7438b9cb60f0bb350c4fa70d1b52c2",
                "sha256:f1d0e878fd69129d0d68b87cee5d9543f20d8018e82998efb79f7e412d42154a",
                "sha256:f84146f7864339c8addf2c2b9903271df21d18d2c721e9a77f779493234a82b5"
            ],
            "version": "==1.0.2"
        },
        "zipp": {
            "hashes": [
                "sha256:102c24ef8f171fd729d46599845e95c7ab894a4cf45f5de11a44cc7444fb1108",
                "sha256:ed5eee1974372595f9e416cc7bbeeb12335201d8081ca8a0743c954d4446e5cb"
            ],
            "version": "==3.4.0"
        }
    },
    "develop": {}
}
